
Microsoft Visual Studio Solution File, Format Version 12.00
# Visual Studio Version 16
VisualStudioVersion = 16.0.29020.237
MinimumVisualStudioVersion = 10.0.40219.1
Project("{9A19103F-16F7-4668-BE54-9A1E7A4F7556}") = "DevExpress.HybridApp.Wpf.NetCore.Desktop", "DevExpress.HybridApp.Wpf\DevExpress.HybridApp.Wpf.NetCore.Desktop.csproj", "{D8F42E64-7560-0ADA-1C55-E5448F1B1DDF}"
EndProject
Global
	GlobalSection(SolutionConfigurationPlatforms) = preSolution
		Debug|Any CPU = Debug|Any CPU
		DebugTest|Any CPU = DebugTest|Any CPU
		Release|Any CPU = Release|Any CPU
	EndGlobalSection
	GlobalSection(ProjectConfigurationPlatforms) = postSolution
		{D8F42E64-7560-0ADA-1C55-E5448F1B1DDF}.Debug|Any CPU.ActiveCfg = Debug|Any CPU
		{D8F42E64-7560-0ADA-1C55-E5448F1B1DDF}.Debug|Any CPU.Build.0 = Debug|Any CPU
		{D8F42E64-7560-0ADA-1C55-E5448F1B1DDF}.DebugTest|Any CPU.ActiveCfg = DebugTest|Any CPU
		{D8F42E64-7560-0ADA-1C55-E5448F1B1DDF}.DebugTest|Any CPU.Build.0 = DebugTest|Any CPU
		{D8F42E64-7560-0ADA-1C55-E5448F1B1DDF}.Release|Any CPU.ActiveCfg = Release|Any CPU
		{D8F42E64-7560-0ADA-1C55-E5448F1B1DDF}.Release|Any CPU.Build.0 = Release|Any CPU
	EndGlobalSection
	GlobalSection(SolutionProperties) = preSolution
		HideSolutionNode = FALSE
	EndGlobalSection
	GlobalSection(ExtensibilityGlobals) = postSolution
		SolutionGuid = {8B75D096-6D15-4357-B7E1-DCD89ED7178C}
	EndGlobalSection
EndGlobal
