
Microsoft Visual Studio Solution File, Format Version 11.00
# Visual Studio 2010
Project("{FAE04EC0-301F-11D3-BF4B-00C04F79EFBC}") = "DevExpress.RealtorWorld.Wpf", "DevExpress.RealtorWorld.Wpf\DevExpress.RealtorWorld.Wpf.csproj", "{5B477ABF-9D38-4033-9131-3B56DF206AD0}"
EndProject
Global
	GlobalSection(SolutionConfigurationPlatforms) = preSolution
		ClickOnce Debug|Any CPU = ClickOnce Debug|Any CPU
		ClickOnce Release|Any CPU = ClickOnce Release|Any CPU
		Debug|Any CPU = Debug|Any CPU
		DebugTest|Any CPU = DebugTest|Any CPU
		Release|Any CPU = Release|Any CPU
	EndGlobalSection
	GlobalSection(ProjectConfigurationPlatforms) = postSolution
		{5B477ABF-9D38-4033-9131-3B56DF206AD0}.ClickOnce Debug|Any CPU.ActiveCfg = ClickOnce Debug|Any CPU
		{5B477ABF-9D38-4033-9131-3B56DF206AD0}.ClickOnce Debug|Any CPU.Build.0 = ClickOnce Debug|Any CPU
		{5B477ABF-9D38-4033-9131-3B56DF206AD0}.ClickOnce Release|Any CPU.ActiveCfg = ClickOnce Release|Any CPU
		{5B477ABF-9D38-4033-9131-3B56DF206AD0}.ClickOnce Release|Any CPU.Build.0 = ClickOnce Release|Any CPU
		{5B477ABF-9D38-4033-9131-3B56DF206AD0}.Debug|Any CPU.ActiveCfg = Debug|Any CPU
		{5B477ABF-9D38-4033-9131-3B56DF206AD0}.Debug|Any CPU.Build.0 = Debug|Any CPU
		{5B477ABF-9D38-4033-9131-3B56DF206AD0}.DebugTest|Any CPU.ActiveCfg = DebugTest|Any CPU
		{5B477ABF-9D38-4033-9131-3B56DF206AD0}.DebugTest|Any CPU.Build.0 = DebugTest|Any CPU
		{5B477ABF-9D38-4033-9131-3B56DF206AD0}.Release|Any CPU.ActiveCfg = Release|Any CPU
		{5B477ABF-9D38-4033-9131-3B56DF206AD0}.Release|Any CPU.Build.0 = Release|Any CPU
	EndGlobalSection
	GlobalSection(SolutionProperties) = preSolution
		HideSolutionNode = FALSE
	EndGlobalSection
EndGlobal
