Microsoft Visual Studio Solution File, Format Version 12.00
# Visual Studio 14
VisualStudioVersion = 14.0.23107.0
MinimumVisualStudioVersion = 10.0.40219.1
Project("{F184B08F-C81C-45F6-A57F-5ABD9991F28F}") = "SpreadsheetDemo.Wpf", "SpreadsheetDemo.Wpf.vbproj", "{F17038D9-5699-453B-BDEB-F7BDFFC1368A}"
EndProject
Global
	GlobalSection(SolutionConfigurationPlatforms) = preSolution
		Debug|Any CPU = Debug|Any CPU
		Release|Any CPU = Release|Any CPU
	EndGlobalSection
	GlobalSection(ProjectDependencies) = postSolution
	EndGlobalSection
	GlobalSection(ProjectConfigurationPlatforms) = postSolution
		{F17038D9-5699-453B-BDEB-F7BDFFC1368A}.Debug|Any CPU.ActiveCfg = Debug|Any CPU
		{F17038D9-5699-453B-BDEB-F7BDFFC1368A}.Debug|Any CPU.Build.0 = Debug|Any CPU
		{F17038D9-5699-453B-BDEB-F7BDFFC1368A}.Release|Any CPU.ActiveCfg = Release|Any CPU
		{F17038D9-5699-453B-BDEB-F7BDFFC1368A}.Release|Any CPU.Build.0 = Release|Any CPU
	EndGlobalSection
	GlobalSection(SolutionProperties) = preSolution
		HideSolutionNode = FALSE
	EndGlobalSection
EndGlobal
