Microsoft Visual Studio Solution File, Format Version 12.00
# Visual Studio 15
VisualStudioVersion = 15.0.26228.04
MinimumVisualStudioVersion = 10.0.40219.1
Project("{9A19103F-16F7-4668-BE54-9A1E7A4F7556}") = "PivotGridDemo.Wpf.NetCore.Desktop", "PivotGridDemo.Wpf.NetCore.Desktop.csproj", "{7D42FFE3-4108-0D1A-1CCB-FE5DB15C78A4}"
EndProject
Global
	GlobalSection(SolutionConfigurationPlatforms) = preSolution
		Debug|Any CPU = Debug|Any CPU
		Release|Any CPU = Release|Any CPU
	EndGlobalSection
	GlobalSection(ProjectDependencies) = postSolution
	EndGlobalSection
	GlobalSection(ProjectConfigurationPlatforms) = postSolution
		{7D42FFE3-4108-0D1A-1CCB-FE5DB15C78A4}.Debug|Any CPU.ActiveCfg = Debug|Any CPU
		{7D42FFE3-4108-0D1A-1CCB-FE5DB15C78A4}.Debug|Any CPU.Build.0 = Debug|Any CPU
		{7D42FFE3-4108-0D1A-1CCB-FE5DB15C78A4}.Release|Any CPU.ActiveCfg = Release|Any CPU
		{7D42FFE3-4108-0D1A-1CCB-FE5DB15C78A4}.Release|Any CPU.Build.0 = Release|Any CPU
	EndGlobalSection
	GlobalSection(SolutionProperties) = preSolution
		HideSolutionNode = FALSE
	EndGlobalSection
EndGlobal
